
Microsoft Visual Studio Solution File, Format Version 12.00
# Visual Studio Version 17
VisualStudioVersion = 17.4.33205.214
MinimumVisualStudioVersion = 10.0.40219.1
Project("{FAE04EC0-301F-11D3-BF4B-00C04F79EFBC}") = "Blog-Website", "Blog-Website.csproj", "{7AE80DDF-691C-4448-B53D-32DF85617C5F}"
EndProject
Global
	GlobalSection(SolutionConfigurationPlatforms) = preSolution
		Debug|Any CPU = Debug|Any CPU
		Release|Any CPU = Release|Any CPU
	EndGlobalSection
	GlobalSection(ProjectConfigurationPlatforms) = postSolution
		{7AE80DDF-691C-4448-B53D-32DF85617C5F}.Debug|Any CPU.ActiveCfg = Debug|Any CPU
		{7AE80DDF-691C-4448-B53D-32DF85617C5F}.Debug|Any CPU.Build.0 = Debug|Any CPU
		{7AE80DDF-691C-4448-B53D-32DF85617C5F}.Release|Any CPU.ActiveCfg = Release|Any CPU
		{7AE80DDF-691C-4448-B53D-32DF85617C5F}.Release|Any CPU.Build.0 = Release|Any CPU
	EndGlobalSection
	GlobalSection(SolutionProperties) = preSolution
		HideSolutionNode = FALSE
	EndGlobalSection
	GlobalSection(ExtensibilityGlobals) = postSolution
		SolutionGuid = {1CD4DA16-A19B-49B5-A868-38006E415C35}
	EndGlobalSection
EndGlobal
